
Microsoft Visual Studio Solution File, Format Version 12.00
# Visual Studio Version 16
VisualStudioVersion = 16.0.31424.327
MinimumVisualStudioVersion = 10.0.40219.1
Project("{FAE04EC0-301F-11D3-BF4B-00C04F79EFBC}") = "InverviewProject", "InverviewProject\InverviewProject.csproj", "{AFBB39AA-7F77-447C-90B3-1B80FF1FFDA4}"
EndProject
Global
	GlobalSection(SolutionConfigurationPlatforms) = preSolution
		Debug|Any CPU = Debug|Any CPU
		Release|Any CPU = Release|Any CPU
	EndGlobalSection
	GlobalSection(ProjectConfigurationPlatforms) = postSolution
		{AFBB39AA-7F77-447C-90B3-1B80FF1FFDA4}.Debug|Any CPU.ActiveCfg = Debug|Any CPU
		{AFBB39AA-7F77-447C-90B3-1B80FF1FFDA4}.Debug|Any CPU.Build.0 = Debug|Any CPU
		{AFBB39AA-7F77-447C-90B3-1B80FF1FFDA4}.Release|Any CPU.ActiveCfg = Release|Any CPU
		{AFBB39AA-7F77-447C-90B3-1B80FF1FFDA4}.Release|Any CPU.Build.0 = Release|Any CPU
	EndGlobalSection
	GlobalSection(SolutionProperties) = preSolution
		HideSolutionNode = FALSE
	EndGlobalSection
	GlobalSection(ExtensibilityGlobals) = postSolution
		SolutionGuid = {40F079C3-6EEE-42D6-BFD5-3DC987F7CDB5}
	EndGlobalSection
EndGlobal
